
Microsoft Visual Studio Solution File, Format Version 12.00
# Visual Studio Version 17
VisualStudioVersion = 17.13.35825.156 d17.13
MinimumVisualStudioVersion = 10.0.40219.1
Project("{FAE04EC0-301F-11D3-BF4B-00C04F79EFBC}") = "ProductManagement", "ProductManagement\ProductManagement.csproj", "{D759BBA3-A4BB-4928-BE41-961C860F1475}"
EndProject
Global
	GlobalSection(SolutionConfigurationPlatforms) = preSolution
		Debug|Any CPU = Debug|Any CPU
		Release|Any CPU = Release|Any CPU
	EndGlobalSection
	GlobalSection(ProjectConfigurationPlatforms) = postSolution
		{D759BBA3-A4BB-4928-BE41-961C860F1475}.Debug|Any CPU.ActiveCfg = Debug|Any CPU
		{D759BBA3-A4BB-4928-BE41-961C860F1475}.Debug|Any CPU.Build.0 = Debug|Any CPU
		{D759BBA3-A4BB-4928-BE41-961C860F1475}.Release|Any CPU.ActiveCfg = Release|Any CPU
		{D759BBA3-A4BB-4928-BE41-961C860F1475}.Release|Any CPU.Build.0 = Release|Any CPU
	EndGlobalSection
	GlobalSection(SolutionProperties) = preSolution
		HideSolutionNode = FALSE
	EndGlobalSection
	GlobalSection(ExtensibilityGlobals) = postSolution
		SolutionGuid = {5F4DD64D-17BE-4924-8DC4-B4E9F47BBAA6}
	EndGlobalSection
EndGlobal
